
Microsoft Visual Studio Solution File, Format Version 12.00
# Visual Studio Version 17
VisualStudioVersion = 17.11.35219.272
MinimumVisualStudioVersion = 10.0.40219.1
Project("{FAE04EC0-301F-11D3-BF4B-00C04F79EFBC}") = "ProyectoConsola", "ProyectoConsola\ProyectoConsola.csproj", "{5F510ED9-B139-4529-8616-E3CC6AAFFF5C}"
EndProject
Global
	GlobalSection(SolutionConfigurationPlatforms) = preSolution
		Debug|Any CPU = Debug|Any CPU
		Release|Any CPU = Release|Any CPU
	EndGlobalSection
	GlobalSection(ProjectConfigurationPlatforms) = postSolution
		{5F510ED9-B139-4529-8616-E3CC6AAFFF5C}.Debug|Any CPU.ActiveCfg = Debug|Any CPU
		{5F510ED9-B139-4529-8616-E3CC6AAFFF5C}.Debug|Any CPU.Build.0 = Debug|Any CPU
		{5F510ED9-B139-4529-8616-E3CC6AAFFF5C}.Release|Any CPU.ActiveCfg = Release|Any CPU
		{5F510ED9-B139-4529-8616-E3CC6AAFFF5C}.Release|Any CPU.Build.0 = Release|Any CPU
	EndGlobalSection
	GlobalSection(SolutionProperties) = preSolution
		HideSolutionNode = FALSE
	EndGlobalSection
	GlobalSection(ExtensibilityGlobals) = postSolution
		SolutionGuid = {30F7E55F-995D-43AD-A730-F5C0B952D253}
	EndGlobalSection
EndGlobal
